
Microsoft Visual Studio Solution File, Format Version 12.00
# Visual Studio Version 17
VisualStudioVersion = 17.13.35818.85 d17.13
MinimumVisualStudioVersion = 10.0.40219.1
Project("{FAE04EC0-301F-11D3-BF4B-00C04F79EFBC}") = "TDSKP.API", "TDSKP.API\TDSKP.API.csproj", "{42806B77-876B-4510-94E2-B839C98C0F08}"
EndProject
Global
	GlobalSection(SolutionConfigurationPlatforms) = preSolution
		Debug|Any CPU = Debug|Any CPU
		Release|Any CPU = Release|Any CPU
	EndGlobalSection
	GlobalSection(ProjectConfigurationPlatforms) = postSolution
		{42806B77-876B-4510-94E2-B839C98C0F08}.Debug|Any CPU.ActiveCfg = Debug|Any CPU
		{42806B77-876B-4510-94E2-B839C98C0F08}.Debug|Any CPU.Build.0 = Debug|Any CPU
		{42806B77-876B-4510-94E2-B839C98C0F08}.Release|Any CPU.ActiveCfg = Release|Any CPU
		{42806B77-876B-4510-94E2-B839C98C0F08}.Release|Any CPU.Build.0 = Release|Any CPU
	EndGlobalSection
	GlobalSection(SolutionProperties) = preSolution
		HideSolutionNode = FALSE
	EndGlobalSection
	GlobalSection(ExtensibilityGlobals) = postSolution
		SolutionGuid = {E16BAC82-CCA8-4D7B-9FC1-E52F45C02125}
	EndGlobalSection
EndGlobal
